review_doc_freeze_schema_version=kamn.review.released-document-freeze.v1
review_doc_freeze_status=frozen
review_doc_freeze_release_min=51
review_doc_freeze_release_max=55
review_doc_freeze_entry_count=5
review_doc_freeze_entry_1_path=docs/review/gaps-and-issues-r51.md
review_doc_freeze_entry_1_line_count=282
review_doc_freeze_entry_1_fnv1a64_hex=0xaa8e8acd3064d090
review_doc_freeze_entry_1_last_non_empty_line=**Grade rationale (C):** First C-grade in the review series. Zero production capability advancement across 149 commits. Spec-to-module ratio at 8.9:1 (severely breaching 7.7 guardrail). Doc-contract tests reversed from consolidation. Three scaffold crates delivered with no executable functionality. The codebase is technically healthy (zero prod panics, clean clippy, 0 failures) but development velocity on actual capabilities has stalled for two consecutive cycles.
review_doc_freeze_entry_2_path=docs/review/gaps-and-issues-r52.md
review_doc_freeze_entry_2_line_count=415
review_doc_freeze_entry_2_fnv1a64_hex=0xf204166c213a1b29
review_doc_freeze_entry_2_last_non_empty_line=**Grade rationale (B-):** Genuine capability advancement for the first time in 3 cycles — real MCP protocol handling, working CLI dispatch, and agent-lib route implementation. Doc-contract consolidation shows governance feedback was heard. However, the first compilation error on main and first test failures since R45 represent a quality regression that breaks the project's previously unbroken green-main streak. The governance ratio (71%) still dominates, spec volume continues to worsen (9.2:1), and the 7 genuine feat commits are buried under 51 governance commits. The grade reflects both the positive inflection point (capability returning) and the negative quality signal (broken main).
review_doc_freeze_entry_3_path=docs/review/gaps-and-issues-r53.md
review_doc_freeze_entry_3_line_count=423
review_doc_freeze_entry_3_fnv1a64_hex=0x5f4ae6683b7b7de3
review_doc_freeze_entry_3_last_non_empty_line=- r53_review_portable_agent_post_publication_delta_cli_subcommands=2
review_doc_freeze_entry_4_path=docs/review/gaps-and-issues-r54.md
review_doc_freeze_entry_4_line_count=302
review_doc_freeze_entry_4_fnv1a64_hex=0xb2453c8d69a7a0f9
review_doc_freeze_entry_4_last_non_empty_line=- r54_review_marker_inflation_resolution_status=resolved_by_moratorium_for_r54_plus
review_doc_freeze_entry_5_path=docs/review/gaps-and-issues-r55.md
review_doc_freeze_entry_5_line_count=377
review_doc_freeze_entry_5_fnv1a64_hex=0xc15850317a6d7335
review_doc_freeze_entry_5_last_non_empty_line=- r55_review_node_kolme_freeze_resolution_issue=5831
